// !$*UTF8*$!
{
	archiveVersion = 1;
	classes = {
	};
	objectVersion = 46;
	objects = {

/* Begin PBXBuildFile section */
		0C043AC11E795D6500A8B18B /* main.m in Sources */ = {isa = PBXBuildFile; fileRef = 0C043AC01E795D6500A8B18B /* main.m */; };
		0C043AC41E795D6500A8B18B /* AppDelegate.m in Sources */ = {isa = PBXBuildFile; fileRef = 0C043AC31E795D6500A8B18B /* AppDelegate.m */; };
		0C043AC71E795D6500A8B18B /* ViewController.m in Sources */ = {isa = PBXBuildFile; fileRef = 0C043AC61E795D6500A8B18B /* ViewController.m */; };
		0C043ACA1E795D6500A8B18B /* Main.storyboard in Resources */ = {isa = PBXBuildFile; fileRef = 0C043AC81E795D6500A8B18B /* Main.storyboard */; };
		0C043ACC1E795D6500A8B18B /* Assets.xcassets in Resources */ = {isa = PBXBuildFile; fileRef = 0C043ACB1E795D6500A8B18B /* Assets.xcassets */; };
		0C043ACF1E795D6500A8B18B /* LaunchScreen.storyboard in Resources */ = {isa = PBXBuildFile; fileRef = 0C043ACD1E795D6500A8B18B /* LaunchScreen.storyboard */; };
		0C043AD91E797F8D00A8B18B /* SFSketchView.m in Sources */ = {isa = PBXBuildFile; fileRef = 0C043AD81E797F8D00A8B18B /* SFSketchView.m */; };
		0C043ADC1E7984A000A8B18B /* SFSketchLine.m in Sources */ = {isa = PBXBuildFile; fileRef = 0C043ADB1E7984A000A8B18B /* SFSketchLine.m */; };
		0C043ADF1E7985CC00A8B18B /* CoreGraphics.framework in Frameworks */ = {isa = PBXBuildFile; fileRef = 0C043ADE1E7985CC00A8B18B /* CoreGraphics.framework */; };
		0C043AE21E7AA08900A8B18B /* SFSketchPoint.m in Sources */ = {isa = PBXBuildFile; fileRef = 0C043AE11E7AA08900A8B18B /* SFSketchPoint.m */; };
		0C043AF21E7C07A800A8B18B /* brush.png in Resources */ = {isa = PBXBuildFile; fileRef = 0C043AF11E7C07A800A8B18B /* brush.png */; };
		0C5425021E8D32D20066F844 /* SFSketchPenTool.m in Sources */ = {isa = PBXBuildFile; fileRef = 0C5425011E8D32D20066F844 /* SFSketchPenTool.m */; };
		0C5425051E8D47FF0066F844 /* SFSketchStroke.m in Sources */ = {isa = PBXBuildFile; fileRef = 0C5425041E8D47FF0066F844 /* SFSketchStroke.m */; };
		0C5425141E93ABCC0066F844 /* SFSketchFountainPenTool.m in Sources */ = {isa = PBXBuildFile; fileRef = 0C5425131E93ABCC0066F844 /* SFSketchFountainPenTool.m */; };
		0C5425171E93EA680066F844 /* SFSketchHighligherTool.m in Sources */ = {isa = PBXBuildFile; fileRef = 0C5425161E93EA680066F844 /* SFSketchHighligherTool.m */; };
		0C5425201E979F8E0066F844 /* SFSketchEraserTool.m in Sources */ = {isa = PBXBuildFile; fileRef = 0C54251F1E979F8D0066F844 /* SFSketchEraserTool.m */; };
		0C7E61511EA0FCED00347ACB /* SFSketchGeometryUtils.m in Sources */ = {isa = PBXBuildFile; fileRef = 0C7E61501EA0FCED00347ACB /* SFSketchGeometryUtils.m */; };
		0C7E61591EA1044800347ACB /* Shiny_SketchTests.m in Sources */ = {isa = PBXBuildFile; fileRef = 0C7E61581EA1044800347ACB /* Shiny_SketchTests.m */; };
		0C7E61601EA1065400347ACB /* SFSketchGeometryUtils.m in Sources */ = {isa = PBXBuildFile; fileRef = 0C7E61501EA0FCED00347ACB /* SFSketchGeometryUtils.m */; };
		0C7E61631EA10ADA00347ACB /* SFSketchDouglasPeucker.m in Sources */ = {isa = PBXBuildFile; fileRef = 0C7E61621EA10ADA00347ACB /* SFSketchDouglasPeucker.m */; };
/* End PBXBuildFile section */

/* Begin PBXContainerItemProxy section */
		0C7E615E1EA1061D00347ACB /* PBXContainerItemProxy */ = {
			isa = PBXContainerItemProxy;
			containerPortal = 0C043AB41E795D6500A8B18B /* Project object */;
			proxyType = 1;
			remoteGlobalIDString = 0C043ABB1E795D6500A8B18B;
			remoteInfo = "Shiny Sketch";
		};
/* End PBXContainerItemProxy section */

/* Begin PBXFileReference section */
		0C043ABC1E795D6500A8B18B /* Shiny Sketch.app */ = {isa = PBXFileReference; explicitFileType = wrapper.application; includeInIndex = 0; path = "Shiny Sketch.app"; sourceTree = BUILT_PRODUCTS_DIR; };
		0C043AC01E795D6500A8B18B /* main.m */ = {isa = PBXFileReference; lastKnownFileType = sourcecode.c.objc; path = main.m; sourceTree = "<group>"; };
		0C043AC21E795D6500A8B18B /* AppDelegate.h */ = {isa = PBXFileReference; lastKnownFileType = sourcecode.c.h; path = AppDelegate.h; sourceTree = "<group>"; };
		0C043AC31E795D6500A8B18B /* AppDelegate.m */ = {isa = PBXFileReference; lastKnownFileType = sourcecode.c.objc; path = AppDelegate.m; sourceTree = "<group>"; };
		0C043AC51E795D6500A8B18B /* ViewController.h */ = {isa = PBXFileReference; lastKnownFileType = sourcecode.c.h; path = ViewController.h; sourceTree = "<group>"; };
		0C043AC61E795D6500A8B18B /* ViewController.m */ = {isa = PBXFileReference; lastKnownFileType = sourcecode.c.objc; path = ViewController.m; sourceTree = "<group>"; };
		0C043AC91E795D6500A8B18B /* Base */ = {isa = PBXFileReference; lastKnownFileType = file.storyboard; name = Base; path = Base.lproj/Main.storyboard; sourceTree = "<group>"; };
		0C043ACB1E795D6500A8B18B /* Assets.xcassets */ = {isa = PBXFileReference; lastKnownFileType = folder.assetcatalog; path = Assets.xcassets; sourceTree = "<group>"; };
		0C043ACE1E795D6500A8B18B /* Base */ = {isa = PBXFileReference; lastKnownFileType = file.storyboard; name = Base; path = Base.lproj/LaunchScreen.storyboard; sourceTree = "<group>"; };
		0C043AD01E795D6500A8B18B /* Info.plist */ = {isa = PBXFileReference; lastKnownFileType = text.plist.xml; path = Info.plist; sourceTree = "<group>"; };
		0C043AD71E797F8D00A8B18B /* SFSketchView.h */ = {isa = PBXFileReference; fileEncoding = 4; lastKnownFileType = sourcecode.c.h; path = SFSketchView.h; sourceTree = "<group>"; };
		0C043AD81E797F8D00A8B18B /* SFSketchView.m */ = {isa = PBXFileReference; fileEncoding = 4; lastKnownFileType = sourcecode.c.objc; path = SFSketchView.m; sourceTree = "<group>"; };
		0C043ADA1E7984A000A8B18B /* SFSketchLine.h */ = {isa = PBXFileReference; fileEncoding = 4; lastKnownFileType = sourcecode.c.h; path = SFSketchLine.h; sourceTree = "<group>"; };
		0C043ADB1E7984A000A8B18B /* SFSketchLine.m */ = {isa = PBXFileReference; fileEncoding = 4; lastKnownFileType = sourcecode.c.objc; path = SFSketchLine.m; sourceTree = "<group>"; };
		0C043ADE1E7985CC00A8B18B /* CoreGraphics.framework */ = {isa = PBXFileReference; lastKnownFileType = wrapper.framework; name = CoreGraphics.framework; path = System/Library/Frameworks/CoreGraphics.framework; sourceTree = SDKROOT; };
		0C043AE01E7AA08900A8B18B /* SFSketchPoint.h */ = {isa = PBXFileReference; fileEncoding = 4; lastKnownFileType = sourcecode.c.h; path = SFSketchPoint.h; sourceTree = "<group>"; };
		0C043AE11E7AA08900A8B18B /* SFSketchPoint.m */ = {isa = PBXFileReference; fileEncoding = 4; lastKnownFileType = sourcecode.c.objc; path = SFSketchPoint.m; sourceTree = "<group>"; };
		0C043AF11E7C07A800A8B18B /* brush.png */ = {isa = PBXFileReference; lastKnownFileType = image.png; path = brush.png; sourceTree = "<group>"; };
		0C5425001E8D32D20066F844 /* SFSketchPenTool.h */ = {isa = PBXFileReference; fileEncoding = 4; lastKnownFileType = sourcecode.c.h; path = SFSketchPenTool.h; sourceTree = "<group>"; };
		0C5425011E8D32D20066F844 /* SFSketchPenTool.m */ = {isa = PBXFileReference; fileEncoding = 4; lastKnownFileType = sourcecode.c.objc; path = SFSketchPenTool.m; sourceTree = "<group>"; };
		0C5425031E8D47FF0066F844 /* SFSketchStroke.h */ = {isa = PBXFileReference; fileEncoding = 4; lastKnownFileType = sourcecode.c.h; path = SFSketchStroke.h; sourceTree = "<group>"; };
		0C5425041E8D47FF0066F844 /* SFSketchStroke.m */ = {isa = PBXFileReference; fileEncoding = 4; lastKnownFileType = sourcecode.c.objc; path = SFSketchStroke.m; sourceTree = "<group>"; };
		0C5425121E93ABCB0066F844 /* SFSketchFountainPenTool.h */ = {isa = PBXFileReference; fileEncoding = 4; lastKnownFileType = sourcecode.c.h; path = SFSketchFountainPenTool.h; sourceTree = "<group>"; };
		0C5425131E93ABCC0066F844 /* SFSketchFountainPenTool.m */ = {isa = PBXFileReference; fileEncoding = 4; lastKnownFileType = sourcecode.c.objc; path = SFSketchFountainPenTool.m; sourceTree = "<group>"; };
		0C5425151E93EA680066F844 /* SFSketchHighligherTool.h */ = {isa = PBXFileReference; fileEncoding = 4; lastKnownFileType = sourcecode.c.h; path = SFSketchHighligherTool.h; sourceTree = "<group>"; };
		0C5425161E93EA680066F844 /* SFSketchHighligherTool.m */ = {isa = PBXFileReference; fileEncoding = 4; lastKnownFileType = sourcecode.c.objc; path = SFSketchHighligherTool.m; sourceTree = "<group>"; };
		0C54251E1E979F8D0066F844 /* SFSketchEraserTool.h */ = {isa = PBXFileReference; fileEncoding = 4; lastKnownFileType = sourcecode.c.h; path = SFSketchEraserTool.h; sourceTree = "<group>"; };
		0C54251F1E979F8D0066F844 /* SFSketchEraserTool.m */ = {isa = PBXFileReference; fileEncoding = 4; lastKnownFileType = sourcecode.c.objc; path = SFSketchEraserTool.m; sourceTree = "<group>"; };
		0C7E614F1EA0FCED00347ACB /* SFSketchGeometryUtils.h */ = {isa = PBXFileReference; fileEncoding = 4; lastKnownFileType = sourcecode.c.h; path = SFSketchGeometryUtils.h; sourceTree = "<group>"; };
		0C7E61501EA0FCED00347ACB /* SFSketchGeometryUtils.m */ = {isa = PBXFileReference; fileEncoding = 4; lastKnownFileType = sourcecode.c.objc; path = SFSketchGeometryUtils.m; sourceTree = "<group>"; };
		0C7E61561EA1044700347ACB /* Shiny SketchTests.xctest */ = {isa = PBXFileReference; explicitFileType = wrapper.cfbundle; includeInIndex = 0; path = "Shiny SketchTests.xctest"; sourceTree = BUILT_PRODUCTS_DIR; };
		0C7E61581EA1044800347ACB /* Shiny_SketchTests.m */ = {isa = PBXFileReference; lastKnownFileType = sourcecode.c.objc; path = Shiny_SketchTests.m; sourceTree = "<group>"; };
		0C7E615A1EA1044800347ACB /* Info.plist */ = {isa = PBXFileReference; lastKnownFileType = text.plist.xml; path = Info.plist; sourceTree = "<group>"; };
		0C7E61611EA10ADA00347ACB /* SFSketchDouglasPeucker.h */ = {isa = PBXFileReference; fileEncoding = 4; lastKnownFileType = sourcecode.c.h; path = SFSketchDouglasPeucker.h; sourceTree = "<group>"; };
		0C7E61621EA10ADA00347ACB /* SFSketchDouglasPeucker.m */ = {isa = PBXFileReference; fileEncoding = 4; lastKnownFileType = sourcecode.c.objc; path = SFSketchDouglasPeucker.m; sourceTree = "<group>"; };
		0CC7B9741E8D2E8000A56CB7 /* SFSketchTool.h */ = {isa = PBXFileReference; fileEncoding = 4; lastKnownFileType = sourcecode.c.h; path = SFSketchTool.h; sourceTree = "<group>"; };
/* End PBXFileReference section */

/* Begin PBXFrameworksBuildPhase section */
		0C043AB91E795D6500A8B18B /* Frameworks */ = {
			isa = PBXFrameworksBuildPhase;
			buildActionMask = 2147483647;
			files = (
				0C043ADF1E7985CC00A8B18B /* CoreGraphics.framework in Frameworks */,
			);
			runOnlyForDeploymentPostprocessing = 0;
		};
		0C7E61531EA1044700347ACB /* Frameworks */ = {
			isa = PBXFrameworksBuildPhase;
			buildActionMask = 2147483647;
			files = (
			);
			runOnlyForDeploymentPostprocessing = 0;
		};
/* End PBXFrameworksBuildPhase section */

/* Begin PBXGroup section */
		0C043AB31E795D6500A8B18B = {
			isa = PBXGroup;
			children = (
				0C043ABE1E795D6500A8B18B /* Shiny Sketch */,
				0C7E61571EA1044800347ACB /* Shiny SketchTests */,
				0C043ABD1E795D6500A8B18B /* Products */,
				0C043ADD1E7985CC00A8B18B /* Frameworks */,
			);
			sourceTree = "<group>";
		};
		0C043ABD1E795D6500A8B18B /* Products */ = {
			isa = PBXGroup;
			children = (
				0C043ABC1E795D6500A8B18B /* Shiny Sketch.app */,
				0C7E61561EA1044700347ACB /* Shiny SketchTests.xctest */,
			);
			name = Products;
			sourceTree = "<group>";
		};
		0C043ABE1E795D6500A8B18B /* Shiny Sketch */ = {
			isa = PBXGroup;
			children = (
				0C043AC21E795D6500A8B18B /* AppDelegate.h */,
				0C043AC31E795D6500A8B18B /* AppDelegate.m */,
				0C043AC51E795D6500A8B18B /* ViewController.h */,
				0C043AC61E795D6500A8B18B /* ViewController.m */,
				0C043AF11E7C07A800A8B18B /* brush.png */,
				0C043AD61E797E9900A8B18B /* SFSketch */,
				0C043AC81E795D6500A8B18B /* Main.storyboard */,
				0C043ACB1E795D6500A8B18B /* Assets.xcassets */,
				0C043ACD1E795D6500A8B18B /* LaunchScreen.storyboard */,
				0C043AD01E795D6500A8B18B /* Info.plist */,
				0C043ABF1E795D6500A8B18B /* Supporting Files */,
			);
			path = "Shiny Sketch";
			sourceTree = "<group>";
		};
		0C043ABF1E795D6500A8B18B /* Supporting Files */ = {
			isa = PBXGroup;
			children = (
				0C043AC01E795D6500A8B18B /* main.m */,
			);
			name = "Supporting Files";
			sourceTree = "<group>";
		};
		0C043AD61E797E9900A8B18B /* SFSketch */ = {
			isa = PBXGroup;
			children = (
				0C043AD71E797F8D00A8B18B /* SFSketchView.h */,
				0C043AD81E797F8D00A8B18B /* SFSketchView.m */,
				0C5425031E8D47FF0066F844 /* SFSketchStroke.h */,
				0C5425041E8D47FF0066F844 /* SFSketchStroke.m */,
				0C7E614F1EA0FCED00347ACB /* SFSketchGeometryUtils.h */,
				0C7E61501EA0FCED00347ACB /* SFSketchGeometryUtils.m */,
				0C7E61611EA10ADA00347ACB /* SFSketchDouglasPeucker.h */,
				0C7E61621EA10ADA00347ACB /* SFSketchDouglasPeucker.m */,
				0C5425061E8D5B740066F844 /* Tools */,
				0C5425071E8D5B880066F844 /* Lines */,
			);
			path = SFSketch;
			sourceTree = "<group>";
		};
		0C043ADD1E7985CC00A8B18B /* Frameworks */ = {
			isa = PBXGroup;
			children = (
				0C043ADE1E7985CC00A8B18B /* CoreGraphics.framework */,
			);
			name = Frameworks;
			sourceTree = "<group>";
		};
		0C5425061E8D5B740066F844 /* Tools */ = {
			isa = PBXGroup;
			children = (
				0CC7B9741E8D2E8000A56CB7 /* SFSketchTool.h */,
				0C5425001E8D32D20066F844 /* SFSketchPenTool.h */,
				0C5425011E8D32D20066F844 /* SFSketchPenTool.m */,
				0C5425121E93ABCB0066F844 /* SFSketchFountainPenTool.h */,
				0C5425131E93ABCC0066F844 /* SFSketchFountainPenTool.m */,
				0C5425151E93EA680066F844 /* SFSketchHighligherTool.h */,
				0C5425161E93EA680066F844 /* SFSketchHighligherTool.m */,
				0C54251E1E979F8D0066F844 /* SFSketchEraserTool.h */,
				0C54251F1E979F8D0066F844 /* SFSketchEraserTool.m */,
			);
			name = Tools;
			sourceTree = "<group>";
		};
		0C5425071E8D5B880066F844 /* Lines */ = {
			isa = PBXGroup;
			children = (
				0C043ADA1E7984A000A8B18B /* SFSketchLine.h */,
				0C043ADB1E7984A000A8B18B /* SFSketchLine.m */,
				0C043AE01E7AA08900A8B18B /* SFSketchPoint.h */,
				0C043AE11E7AA08900A8B18B /* SFSketchPoint.m */,
			);
			name = Lines;
			sourceTree = "<group>";
		};
		0C7E61571EA1044800347ACB /* Shiny SketchTests */ = {
			isa = PBXGroup;
			children = (
				0C7E61581EA1044800347ACB /* Shiny_SketchTests.m */,
				0C7E615A1EA1044800347ACB /* Info.plist */,
			);
			path = "Shiny SketchTests";
			sourceTree = "<group>";
		};
/* End PBXGroup section */

/* Begin PBXNativeTarget section */
		0C043ABB1E795D6500A8B18B /* Shiny Sketch */ = {
			isa = PBXNativeTarget;
			buildConfigurationList = 0C043AD31E795D6500A8B18B /* Build configuration list for PBXNativeTarget "Shiny Sketch" */;
			buildPhases = (
				0C043AB81E795D6500A8B18B /* Sources */,
				0C043AB91E795D6500A8B18B /* Frameworks */,
				0C043ABA1E795D6500A8B18B /* Resources */,
			);
			buildRules = (
			);
			dependencies = (
			);
			name = "Shiny Sketch";
			productName = "Shiny Sketch";
			productReference = 0C043ABC1E795D6500A8B18B /* Shiny Sketch.app */;
			productType = "com.apple.product-type.application";
		};
		0C7E61551EA1044700347ACB /* Shiny SketchTests */ = {
			isa = PBXNativeTarget;
			buildConfigurationList = 0C7E615B1EA1044800347ACB /* Build configuration list for PBXNativeTarget "Shiny SketchTests" */;
			buildPhases = (
				0C7E61521EA1044700347ACB /* Sources */,
				0C7E61531EA1044700347ACB /* Frameworks */,
				0C7E61541EA1044700347ACB /* Resources */,
			);
			buildRules = (
			);
			dependencies = (
				0C7E615F1EA1061D00347ACB /* PBXTargetDependency */,
			);
			name = "Shiny SketchTests";
			productName = "Shiny SketchTests";
			productReference = 0C7E61561EA1044700347ACB /* Shiny SketchTests.xctest */;
			productType = "com.apple.product-type.bundle.unit-test";
		};
/* End PBXNativeTarget section */

/* Begin PBXProject section */
		0C043AB41E795D6500A8B18B /* Project object */ = {
			isa = PBXProject;
			attributes = {
				LastUpgradeCheck = 0820;
				ORGANIZATIONNAME = "Shiny Frog";
				TargetAttributes = {
					0C043ABB1E795D6500A8B18B = {
						CreatedOnToolsVersion = 8.2.1;
						DevelopmentTeam = 9K33E3U3T4;
						ProvisioningStyle = Automatic;
					};
					0C7E61551EA1044700347ACB = {
						CreatedOnToolsVersion = 8.2.1;
						DevelopmentTeam = 9K33E3U3T4;
						ProvisioningStyle = Automatic;
						TestTargetID = 0C043ABB1E795D6500A8B18B;
					};
				};
			};
			buildConfigurationList = 0C043AB71E795D6500A8B18B /* Build configuration list for PBXProject "Shiny Sketch" */;
			compatibilityVersion = "Xcode 3.2";
			developmentRegion = English;
			hasScannedForEncodings = 0;
			knownRegions = (
				en,
				Base,
			);
			mainGroup = 0C043AB31E795D6500A8B18B;
			productRefGroup = 0C043ABD1E795D6500A8B18B /* Products */;
			projectDirPath = "";
			projectRoot = "";
			targets = (
				0C043ABB1E795D6500A8B18B /* Shiny Sketch */,
				0C7E61551EA1044700347ACB /* Shiny SketchTests */,
			);
		};
/* End PBXProject section */

/* Begin PBXResourcesBuildPhase section */
		0C043ABA1E795D6500A8B18B /* Resources */ = {
			isa = PBXResourcesBuildPhase;
			buildActionMask = 2147483647;
			files = (
				0C043AF21E7C07A800A8B18B /* brush.png in Resources */,
				0C043ACF1E795D6500A8B18B /* LaunchScreen.storyboard in Resources */,
				0C043ACC1E795D6500A8B18B /* Assets.xcassets in Resources */,
				0C043ACA1E795D6500A8B18B /* Main.storyboard in Resources */,
			);
			runOnlyForDeploymentPostprocessing = 0;
		};
		0C7E61541EA1044700347ACB /* Resources */ = {
			isa = PBXResourcesBuildPhase;
			buildActionMask = 2147483647;
			files = (
			);
			runOnlyForDeploymentPostprocessing = 0;
		};
/* End PBXResourcesBuildPhase section */

/* Begin PBXSourcesBuildPhase section */
		0C043AB81E795D6500A8B18B /* Sources */ = {
			isa = PBXSourcesBuildPhase;
			buildActionMask = 2147483647;
			files = (
				0C043AC71E795D6500A8B18B /* ViewController.m in Sources */,
				0C043ADC1E7984A000A8B18B /* SFSketchLine.m in Sources */,
				0C043AC41E795D6500A8B18B /* AppDelegate.m in Sources */,
				0C5425141E93ABCC0066F844 /* SFSketchFountainPenTool.m in Sources */,
				0C5425201E979F8E0066F844 /* SFSketchEraserTool.m in Sources */,
				0C043AC11E795D6500A8B18B /* main.m in Sources */,
				0C7E61511EA0FCED00347ACB /* SFSketchGeometryUtils.m in Sources */,
				0C7E61631EA10ADA00347ACB /* SFSketchDouglasPeucker.m in Sources */,
				0C043AD91E797F8D00A8B18B /* SFSketchView.m in Sources */,
				0C5425021E8D32D20066F844 /* SFSketchPenTool.m in Sources */,
				0C5425171E93EA680066F844 /* SFSketchHighligherTool.m in Sources */,
				0C5425051E8D47FF0066F844 /* SFSketchStroke.m in Sources */,
				0C043AE21E7AA08900A8B18B /* SFSketchPoint.m in Sources */,
			);
			runOnlyForDeploymentPostprocessing = 0;
		};
		0C7E61521EA1044700347ACB /* Sources */ = {
			isa = PBXSourcesBuildPhase;
			buildActionMask = 2147483647;
			files = (
				0C7E61601EA1065400347ACB /* SFSketchGeometryUtils.m in Sources */,
				0C7E61591EA1044800347ACB /* Shiny_SketchTests.m in Sources */,
			);
			runOnlyForDeploymentPostprocessing = 0;
		};
/* End PBXSourcesBuildPhase section */

/* Begin PBXTargetDependency section */
		0C7E615F1EA1061D00347ACB /* PBXTargetDependency */ = {
			isa = PBXTargetDependency;
			target = 0C043ABB1E795D6500A8B18B /* Shiny Sketch */;
			targetProxy = 0C7E615E1EA1061D00347ACB /* PBXContainerItemProxy */;
		};
/* End PBXTargetDependency section */

/* Begin PBXVariantGroup section */
		0C043AC81E795D6500A8B18B /* Main.storyboard */ = {
			isa = PBXVariantGroup;
			children = (
				0C043AC91E795D6500A8B18B /* Base */,
			);
			name = Main.storyboard;
			sourceTree = "<group>";
		};
		0C043ACD1E795D6500A8B18B /* LaunchScreen.storyboard */ = {
			isa = PBXVariantGroup;
			children = (
				0C043ACE1E795D6500A8B18B /* Base */,
			);
			name = LaunchScreen.storyboard;
			sourceTree = "<group>";
		};
/* End PBXVariantGroup section */

/* Begin XCBuildConfiguration section */
		0C043AD11E795D6500A8B18B /* Debug */ = {
			isa = XCBuildConfiguration;
			buildSettings = {
				ALWAYS_SEARCH_USER_PATHS = NO;
				CLANG_ANALYZER_NONNULL = YES;
				CLANG_CXX_LANGUAGE_STANDARD = "gnu++0x";
				CLANG_CXX_LIBRARY = "libc++";
				CLANG_ENABLE_MODULES = YES;
				CLANG_ENABLE_OBJC_ARC = YES;
				CLANG_WARN_BOOL_CONVERSION = YES;
				CLANG_WARN_CONSTANT_CONVERSION = YES;
				CLANG_WARN_DIRECT_OBJC_ISA_USAGE = YES_ERROR;
				CLANG_WARN_DOCUMENTATION_COMMENTS = YES;
				CLANG_WARN_EMPTY_BODY = YES;
				CLANG_WARN_ENUM_CONVERSION = YES;
				CLANG_WARN_INFINITE_RECURSION = YES;
				CLANG_WARN_INT_CONVERSION = YES;
				CLANG_WARN_OBJC_ROOT_CLASS = YES_ERROR;
				CLANG_WARN_SUSPICIOUS_MOVE = YES;
				CLANG_WARN_UNREACHABLE_CODE = YES;
				CLANG_WARN__DUPLICATE_METHOD_MATCH = YES;
				"CODE_SIGN_IDENTITY[sdk=iphoneos*]" = "iPhone Developer";
				COPY_PHASE_STRIP = NO;
				DEBUG_INFORMATION_FORMAT = dwarf;
				ENABLE_STRICT_OBJC_MSGSEND = YES;
				ENABLE_TESTABILITY = YES;
				GCC_C_LANGUAGE_STANDARD = gnu99;
				GCC_DYNAMIC_NO_PIC = NO;
				GCC_NO_COMMON_BLOCKS = YES;
				GCC_OPTIMIZATION_LEVEL = 0;
				GCC_PREPROCESSOR_DEFINITIONS = (
					"DEBUG=1",
					"$(inherited)",
				);
				GCC_WARN_64_TO_32_BIT_CONVERSION = YES;
				GCC_WARN_ABOUT_RETURN_TYPE = YES_ERROR;
				GCC_WARN_UNDECLARED_SELECTOR = YES;
				GCC_WARN_UNINITIALIZED_AUTOS = YES_AGGRESSIVE;
				GCC_WARN_UNUSED_FUNCTION = YES;
				GCC_WARN_UNUSED_VARIABLE = YES;
				IPHONEOS_DEPLOYMENT_TARGET = 10.2;
				MTL_ENABLE_DEBUG_INFO = YES;
				ONLY_ACTIVE_ARCH = YES;
				SDKROOT = iphoneos;
				TARGETED_DEVICE_FAMILY = "1,2";
			};
			name = Debug;
		};
		0C043AD21E795D6500A8B18B /* Release */ = {
			isa = XCBuildConfiguration;
			buildSettings = {
				ALWAYS_SEARCH_USER_PATHS = NO;
				CLANG_ANALYZER_NONNULL = YES;
				CLANG_CXX_LANGUAGE_STANDARD = "gnu++0x";
				CLANG_CXX_LIBRARY = "libc++";
				CLANG_ENABLE_MODULES = YES;
				CLANG_ENABLE_OBJC_ARC = YES;
				CLANG_WARN_BOOL_CONVERSION = YES;
				CLANG_WARN_CONSTANT_CONVERSION = YES;
				CLANG_WARN_DIRECT_OBJC_ISA_USAGE = YES_ERROR;
				CLANG_WARN_DOCUMENTATION_COMMENTS = YES;
				CLANG_WARN_EMPTY_BODY = YES;
				CLANG_WARN_ENUM_CONVERSION = YES;
				CLANG_WARN_INFINITE_RECURSION = YES;
				CLANG_WARN_INT_CONVERSION = YES;
				CLANG_WARN_OBJC_ROOT_CLASS = YES_ERROR;
				CLANG_WARN_SUSPICIOUS_MOVE = YES;
				CLANG_WARN_UNREACHABLE_CODE = YES;
				CLANG_WARN__DUPLICATE_METHOD_MATCH = YES;
				"CODE_SIGN_IDENTITY[sdk=iphoneos*]" = "iPhone Developer";
				COPY_PHASE_STRIP = NO;
				DEBUG_INFORMATION_FORMAT = "dwarf-with-dsym";
				ENABLE_NS_ASSERTIONS = NO;
				ENABLE_STRICT_OBJC_MSGSEND = YES;
				GCC_C_LANGUAGE_STANDARD = gnu99;
				GCC_NO_COMMON_BLOCKS = YES;
				GCC_WARN_64_TO_32_BIT_CONVERSION = YES;
				GCC_WARN_ABOUT_RETURN_TYPE = YES_ERROR;
				GCC_WARN_UNDECLARED_SELECTOR = YES;
				GCC_WARN_UNINITIALIZED_AUTOS = YES_AGGRESSIVE;
				GCC_WARN_UNUSED_FUNCTION = YES;
				GCC_WARN_UNUSED_VARIABLE = YES;
				IPHONEOS_DEPLOYMENT_TARGET = 10.2;
				MTL_ENABLE_DEBUG_INFO = NO;
				SDKROOT = iphoneos;
				TARGETED_DEVICE_FAMILY = "1,2";
				VALIDATE_PRODUCT = YES;
			};
			name = Release;
		};
		0C043AD41E795D6500A8B18B /* Debug */ = {
			isa = XCBuildConfiguration;
			buildSettings = {
				ASSETCATALOG_COMPILER_APPICON_NAME = AppIcon;
				DEVELOPMENT_TEAM = 9K33E3U3T4;
				INFOPLIST_FILE = "Shiny Sketch/Info.plist";
				LD_RUNPATH_SEARCH_PATHS = "$(inherited) @executable_path/Frameworks";
				PRODUCT_BUNDLE_IDENTIFIER = "net.shinyfrog.Shiny-Sketch";
				PRODUCT_NAME = "$(TARGET_NAME)";
			};
			name = Debug;
		};
		0C043AD51E795D6500A8B18B /* Release */ = {
			isa = XCBuildConfiguration;
			buildSettings = {
				ASSETCATALOG_COMPILER_APPICON_NAME = AppIcon;
				DEVELOPMENT_TEAM = 9K33E3U3T4;
				INFOPLIST_FILE = "Shiny Sketch/Info.plist";
				LD_RUNPATH_SEARCH_PATHS = "$(inherited) @executable_path/Frameworks";
				PRODUCT_BUNDLE_IDENTIFIER = "net.shinyfrog.Shiny-Sketch";
				PRODUCT_NAME = "$(TARGET_NAME)";
			};
			name = Release;
		};
		0C7E615C1EA1044800347ACB /* Debug */ = {
			isa = XCBuildConfiguration;
			buildSettings = {
				DEVELOPMENT_TEAM = 9K33E3U3T4;
				INFOPLIST_FILE = "Shiny SketchTests/Info.plist";
				LD_RUNPATH_SEARCH_PATHS = "$(inherited) @executable_path/Frameworks @loader_path/Frameworks";
				PRODUCT_BUNDLE_IDENTIFIER = "net.shinyfrog.Shiny-SketchTests";
				PRODUCT_NAME = "$(TARGET_NAME)";
				TEST_HOST = "$(BUILT_PRODUCTS_DIR)/Shiny Sketch.app/Shiny Sketch";
			};
			name = Debug;
		};
		0C7E615D1EA1044800347ACB /* Release */ = {
			isa = XCBuildConfiguration;
			buildSettings = {
				DEVELOPMENT_TEAM = 9K33E3U3T4;
				INFOPLIST_FILE = "Shiny SketchTests/Info.plist";
				LD_RUNPATH_SEARCH_PATHS = "$(inherited) @executable_path/Frameworks @loader_path/Frameworks";
				PRODUCT_BUNDLE_IDENTIFIER = "net.shinyfrog.Shiny-SketchTests";
				PRODUCT_NAME = "$(TARGET_NAME)";
				TEST_HOST = "$(BUILT_PRODUCTS_DIR)/Shiny Sketch.app/Shiny Sketch";
			};
			name = Release;
		};
/* End XCBuildConfiguration section */

/* Begin XCConfigurationList section */
		0C043AB71E795D6500A8B18B /* Build configuration list for PBXProject "Shiny Sketch" */ = {
			isa = XCConfigurationList;
			buildConfigurations = (
				0C043AD11E795D6500A8B18B /* Debug */,
				0C043AD21E795D6500A8B18B /* Release */,
			);
			defaultConfigurationIsVisible = 0;
			defaultConfigurationName = Release;
		};
		0C043AD31E795D6500A8B18B /* Build configuration list for PBXNativeTarget "Shiny Sketch" */ = {
			isa = XCConfigurationList;
			buildConfigurations = (
				0C043AD41E795D6500A8B18B /* Debug */,
				0C043AD51E795D6500A8B18B /* Release */,
			);
			defaultConfigurationIsVisible = 0;
			defaultConfigurationName = Release;
		};
		0C7E615B1EA1044800347ACB /* Build configuration list for PBXNativeTarget "Shiny SketchTests" */ = {
			isa = XCConfigurationList;
			buildConfigurations = (
				0C7E615C1EA1044800347ACB /* Debug */,
				0C7E615D1EA1044800347ACB /* Release */,
			);
			defaultConfigurationIsVisible = 0;
		};
/* End XCConfigurationList section */
	};
	rootObject = 0C043AB41E795D6500A8B18B /* Project object */;
}
